
Microsoft Visual Studio Solution File, Format Version 12.00
# Visual Studio Version 18
VisualStudioVersion = 18.7.11822.327
MinimumVisualStudioVersion = 10.0.40219.1
Project("{FAE04EC0-301F-11D3-BF4B-00C04F79EFBC}") = "AIStock.Core", "AIStock.Core\AIStock.Core.csproj", "{506884E7-9778-445A-AE37-4069EA2F0413}"
EndProject
Project("{FAE04EC0-301F-11D3-BF4B-00C04F79EFBC}") = "AIStock.Infrastructure", "AIStock.Infrastructure\AIStock.Infrastructure.csproj", "{A99C25DF-224F-43A6-AB66-64D8628B6D56}"
EndProject
Project("{FAE04EC0-301F-11D3-BF4B-00C04F79EFBC}") = "AIStock.Data", "AIStock.Data\AIStock.Data.csproj", "{AF4CBF69-B27A-49E1-836E-BEF994011B8E}"
EndProject
Project("{FAE04EC0-301F-11D3-BF4B-00C04F79EFBC}") = "AIStock.Web", "AIStock.Web\AIStock.Web.csproj", "{BB497027-471F-46F4-93AA-4353F3CBD783}"
EndProject
Project("{FAE04EC0-301F-11D3-BF4B-00C04F79EFBC}") = "AIStock.Worker", "AIStock.Worker\AIStock.Worker.csproj", "{0896A95F-95E5-4B75-850A-6A875B32A266}"
EndProject
Project("{FAE04EC0-301F-11D3-BF4B-00C04F79EFBC}") = "AIStock.Intelligence", "AIStock.Intelligence\AIStock.Intelligence.csproj", "{B6558279-8B31-48D7-8979-ECAB24A1B070}"
EndProject
Project("{FAE04EC0-301F-11D3-BF4B-00C04F79EFBC}") = "AIStock.LLM", "AIStock.LLM\AIStock.LLM.csproj", "{685D6EAB-B264-4E79-944B-AD9F6ED3FCFC}"
EndProject
Project("{FAE04EC0-301F-11D3-BF4B-00C04F79EFBC}") = "AIStock.EventEngine", "AIStock.EventEngine\AIStock.EventEngine.csproj", "{F27FB08D-6194-4C3D-B384-3F06E53E2E4B}"
EndProject
Project("{FAE04EC0-301F-11D3-BF4B-00C04F79EFBC}") = "AIStock.Knowledge", "AIStock.Knowledge\AIStock.Knowledge.csproj", "{51B07622-345C-410B-97C3-60AF490564A7}"
EndProject
Project("{FAE04EC0-301F-11D3-BF4B-00C04F79EFBC}") = "AIStock.Feature", "AIStock.Feature\AIStock.Feature.csproj", "{193987E2-271B-4CC6-95CC-A01DE6D00E3B}"
EndProject
Project("{FAE04EC0-301F-11D3-BF4B-00C04F79EFBC}") = "AIStock.Strategy", "AIStock.Strategy\AIStock.Strategy.csproj", "{A930D5AC-7769-47D1-8959-1F6EB7DE7F29}"
EndProject
Project("{FAE04EC0-301F-11D3-BF4B-00C04F79EFBC}") = "AIStock.Risk", "AIStock.Risk\AIStock.Risk.csproj", "{E213B8BF-F525-4CB9-929C-BCCE866C160A}"
EndProject
Project("{FAE04EC0-301F-11D3-BF4B-00C04F79EFBC}") = "AIStock.Execution", "AIStock.Execution\AIStock.Execution.csproj", "{00A76535-6FD8-40A0-858C-046A002A0C72}"
EndProject
Project("{FAE04EC0-301F-11D3-BF4B-00C04F79EFBC}") = "AIStock.Orchestrator", "AIStock.Orchestrator\AIStock.Orchestrator.csproj", "{85073DC8-C50C-4257-836C-D80284A273C1}"
EndProject
Project("{FAE04EC0-301F-11D3-BF4B-00C04F79EFBC}") = "AIStock.Monitor", "AIStock.Monitor\AIStock.Monitor.csproj", "{7CE0DADD-ED75-49F8-A4EA-C154CA6962E6}"
EndProject
Project("{FAE04EC0-301F-11D3-BF4B-00C04F79EFBC}") = "AIStock.Prompt", "AIStock.Prompt\AIStock.Prompt.csproj", "{42F4F3F5-9142-4492-9090-054AACF995AF}"
EndProject
Project("{FAE04EC0-301F-11D3-BF4B-00C04F79EFBC}") = "AIStock.Memory", "AIStock.Memory\AIStock.Memory.csproj", "{19086814-5687-40EC-9C12-CDE9C12521E1}"
EndProject
Project("{FAE04EC0-301F-11D3-BF4B-00C04F79EFBC}") = "AIStock.GraphRAG", "AIStock.GraphRAG\AIStock.GraphRAG.csproj", "{87710440-D40C-4140-83C2-B26AA7AA1167}"
EndProject
Project("{FAE04EC0-301F-11D3-BF4B-00C04F79EFBC}") = "AIStock.Tests", "tests\AIStock.Tests\AIStock.Tests.csproj", "{4FF4E482-F976-BDD3-4DE2-FF9497A7ED82}"
EndProject
Project("{FAE04EC0-301F-11D3-BF4B-00C04F79EFBC}") = "AIStock.Selection", "AIStock.Selection\AIStock.Selection.csproj", "{AA131A2C-55A1-4AE0-A493-88502E800C1A}"
EndProject
Project("{FAE04EC0-301F-11D3-BF4B-00C04F79EFBC}") = "AIStock.Mcp", "AIStock.Mcp\AIStock.Mcp.csproj", "{76A550A6-7889-4E96-8F0A-B1B9443E53F2}"
EndProject
Global
	GlobalSection(SolutionConfigurationPlatforms) = preSolution
		Debug|Any CPU = Debug|Any CPU
		Debug|x64 = Debug|x64
		Debug|x86 = Debug|x86
		Release|Any CPU = Release|Any CPU
		Release|x64 = Release|x64
		Release|x86 = Release|x86
	EndGlobalSection
	GlobalSection(ProjectConfigurationPlatforms) = postSolution
		{506884E7-9778-445A-AE37-4069EA2F0413}.Debug|Any CPU.ActiveCfg = Debug|Any CPU
		{506884E7-9778-445A-AE37-4069EA2F0413}.Debug|Any CPU.Build.0 = Debug|Any CPU
		{506884E7-9778-445A-AE37-4069EA2F0413}.Debug|x64.ActiveCfg = Debug|Any CPU
		{506884E7-9778-445A-AE37-4069EA2F0413}.Debug|x64.Build.0 = Debug|Any CPU
		{506884E7-9778-445A-AE37-4069EA2F0413}.Debug|x86.ActiveCfg = Debug|Any CPU
		{506884E7-9778-445A-AE37-4069EA2F0413}.Debug|x86.Build.0 = Debug|Any CPU
		{506884E7-9778-445A-AE37-4069EA2F0413}.Release|Any CPU.ActiveCfg = Release|Any CPU
		{506884E7-9778-445A-AE37-4069EA2F0413}.Release|Any CPU.Build.0 = Release|Any CPU
		{506884E7-9778-445A-AE37-4069EA2F0413}.Release|x64.ActiveCfg = Release|Any CPU
		{506884E7-9778-445A-AE37-4069EA2F0413}.Release|x64.Build.0 = Release|Any CPU
		{506884E7-9778-445A-AE37-4069EA2F0413}.Release|x86.ActiveCfg = Release|Any CPU
		{506884E7-9778-445A-AE37-4069EA2F0413}.Release|x86.Build.0 = Release|Any CPU
		{A99C25DF-224F-43A6-AB66-64D8628B6D56}.Debug|Any CPU.ActiveCfg = Debug|Any CPU
		{A99C25DF-224F-43A6-AB66-64D8628B6D56}.Debug|Any CPU.Build.0 = Debug|Any CPU
		{A99C25DF-224F-43A6-AB66-64D8628B6D56}.Debug|x64.ActiveCfg = Debug|Any CPU
		{A99C25DF-224F-43A6-AB66-64D8628B6D56}.Debug|x64.Build.0 = Debug|Any CPU
		{A99C25DF-224F-43A6-AB66-64D8628B6D56}.Debug|x86.ActiveCfg = Debug|Any CPU
		{A99C25DF-224F-43A6-AB66-64D8628B6D56}.Debug|x86.Build.0 = Debug|Any CPU
		{A99C25DF-224F-43A6-AB66-64D8628B6D56}.Release|Any CPU.ActiveCfg = Release|Any CPU
		{A99C25DF-224F-43A6-AB66-64D8628B6D56}.Release|Any CPU.Build.0 = Release|Any CPU
		{A99C25DF-224F-43A6-AB66-64D8628B6D56}.Release|x64.ActiveCfg = Release|Any CPU
		{A99C25DF-224F-43A6-AB66-64D8628B6D56}.Release|x64.Build.0 = Release|Any CPU
		{A99C25DF-224F-43A6-AB66-64D8628B6D56}.Release|x86.ActiveCfg = Release|Any CPU
		{A99C25DF-224F-43A6-AB66-64D8628B6D56}.Release|x86.Build.0 = Release|Any CPU
		{AF4CBF69-B27A-49E1-836E-BEF994011B8E}.Debug|Any CPU.ActiveCfg = Debug|Any CPU
		{AF4CBF69-B27A-49E1-836E-BEF994011B8E}.Debug|Any CPU.Build.0 = Debug|Any CPU
		{AF4CBF69-B27A-49E1-836E-BEF994011B8E}.Debug|x64.ActiveCfg = Debug|Any CPU
		{AF4CBF69-B27A-49E1-836E-BEF994011B8E}.Debug|x64.Build.0 = Debug|Any CPU
		{AF4CBF69-B27A-49E1-836E-BEF994011B8E}.Debug|x86.ActiveCfg = Debug|Any CPU
		{AF4CBF69-B27A-49E1-836E-BEF994011B8E}.Debug|x86.Build.0 = Debug|Any CPU
		{AF4CBF69-B27A-49E1-836E-BEF994011B8E}.Release|Any CPU.ActiveCfg = Release|Any CPU
		{AF4CBF69-B27A-49E1-836E-BEF994011B8E}.Release|Any CPU.Build.0 = Release|Any CPU
		{AF4CBF69-B27A-49E1-836E-BEF994011B8E}.Release|x64.ActiveCfg = Release|Any CPU
		{AF4CBF69-B27A-49E1-836E-BEF994011B8E}.Release|x64.Build.0 = Release|Any CPU
		{AF4CBF69-B27A-49E1-836E-BEF994011B8E}.Release|x86.ActiveCfg = Release|Any CPU
		{AF4CBF69-B27A-49E1-836E-BEF994011B8E}.Release|x86.Build.0 = Release|Any CPU
		{BB497027-471F-46F4-93AA-4353F3CBD783}.Debug|Any CPU.ActiveCfg = Debug|Any CPU
		{BB497027-471F-46F4-93AA-4353F3CBD783}.Debug|Any CPU.Build.0 = Debug|Any CPU
		{BB497027-471F-46F4-93AA-4353F3CBD783}.Debug|x64.ActiveCfg = Debug|Any CPU
		{BB497027-471F-46F4-93AA-4353F3CBD783}.Debug|x64.Build.0 = Debug|Any CPU
		{BB497027-471F-46F4-93AA-4353F3CBD783}.Debug|x86.ActiveCfg = Debug|Any CPU
		{BB497027-471F-46F4-93AA-4353F3CBD783}.Debug|x86.Build.0 = Debug|Any CPU
		{BB497027-471F-46F4-93AA-4353F3CBD783}.Release|Any CPU.ActiveCfg = Release|Any CPU
		{BB497027-471F-46F4-93AA-4353F3CBD783}.Release|Any CPU.Build.0 = Release|Any CPU
		{BB497027-471F-46F4-93AA-4353F3CBD783}.Release|x64.ActiveCfg = Release|Any CPU
		{BB497027-471F-46F4-93AA-4353F3CBD783}.Release|x64.Build.0 = Release|Any CPU
		{BB497027-471F-46F4-93AA-4353F3CBD783}.Release|x86.ActiveCfg = Release|Any CPU
		{BB497027-471F-46F4-93AA-4353F3CBD783}.Release|x86.Build.0 = Release|Any CPU
		{0896A95F-95E5-4B75-850A-6A875B32A266}.Debug|Any CPU.ActiveCfg = Debug|Any CPU
		{0896A95F-95E5-4B75-850A-6A875B32A266}.Debug|Any CPU.Build.0 = Debug|Any CPU
		{0896A95F-95E5-4B75-850A-6A875B32A266}.Debug|x64.ActiveCfg = Debug|Any CPU
		{0896A95F-95E5-4B75-850A-6A875B32A266}.Debug|x64.Build.0 = Debug|Any CPU
		{0896A95F-95E5-4B75-850A-6A875B32A266}.Debug|x86.ActiveCfg = Debug|Any CPU
		{0896A95F-95E5-4B75-850A-6A875B32A266}.Debug|x86.Build.0 = Debug|Any CPU
		{0896A95F-95E5-4B75-850A-6A875B32A266}.Release|Any CPU.ActiveCfg = Release|Any CPU
		{0896A95F-95E5-4B75-850A-6A875B32A266}.Release|Any CPU.Build.0 = Release|Any CPU
		{0896A95F-95E5-4B75-850A-6A875B32A266}.Release|x64.ActiveCfg = Release|Any CPU
		{0896A95F-95E5-4B75-850A-6A875B32A266}.Release|x64.Build.0 = Release|Any CPU
		{0896A95F-95E5-4B75-850A-6A875B32A266}.Release|x86.ActiveCfg = Release|Any CPU
		{0896A95F-95E5-4B75-850A-6A875B32A266}.Release|x86.Build.0 = Release|Any CPU
		{B6558279-8B31-48D7-8979-ECAB24A1B070}.Debug|Any CPU.ActiveCfg = Debug|Any CPU
		{B6558279-8B31-48D7-8979-ECAB24A1B070}.Debug|Any CPU.Build.0 = Debug|Any CPU
		{B6558279-8B31-48D7-8979-ECAB24A1B070}.Debug|x64.ActiveCfg = Debug|Any CPU
		{B6558279-8B31-48D7-8979-ECAB24A1B070}.Debug|x64.Build.0 = Debug|Any CPU
		{B6558279-8B31-48D7-8979-ECAB24A1B070}.Debug|x86.ActiveCfg = Debug|Any CPU
		{B6558279-8B31-48D7-8979-ECAB24A1B070}.Debug|x86.Build.0 = Debug|Any CPU
		{B6558279-8B31-48D7-8979-ECAB24A1B070}.Release|Any CPU.ActiveCfg = Release|Any CPU
		{B6558279-8B31-48D7-8979-ECAB24A1B070}.Release|Any CPU.Build.0 = Release|Any CPU
		{B6558279-8B31-48D7-8979-ECAB24A1B070}.Release|x64.ActiveCfg = Release|Any CPU
		{B6558279-8B31-48D7-8979-ECAB24A1B070}.Release|x64.Build.0 = Release|Any CPU
		{B6558279-8B31-48D7-8979-ECAB24A1B070}.Release|x86.ActiveCfg = Release|Any CPU
		{B6558279-8B31-48D7-8979-ECAB24A1B070}.Release|x86.Build.0 = Release|Any CPU
		{685D6EAB-B264-4E79-944B-AD9F6ED3FCFC}.Debug|Any CPU.ActiveCfg = Debug|Any CPU
		{685D6EAB-B264-4E79-944B-AD9F6ED3FCFC}.Debug|Any CPU.Build.0 = Debug|Any CPU
		{685D6EAB-B264-4E79-944B-AD9F6ED3FCFC}.Debug|x64.ActiveCfg = Debug|Any CPU
		{685D6EAB-B264-4E79-944B-AD9F6ED3FCFC}.Debug|x64.Build.0 = Debug|Any CPU
		{685D6EAB-B264-4E79-944B-AD9F6ED3FCFC}.Debug|x86.ActiveCfg = Debug|Any CPU
		{685D6EAB-B264-4E79-944B-AD9F6ED3FCFC}.Debug|x86.Build.0 = Debug|Any CPU
		{685D6EAB-B264-4E79-944B-AD9F6ED3FCFC}.Release|Any CPU.ActiveCfg = Release|Any CPU
		{685D6EAB-B264-4E79-944B-AD9F6ED3FCFC}.Release|Any CPU.Build.0 = Release|Any CPU
		{685D6EAB-B264-4E79-944B-AD9F6ED3FCFC}.Release|x64.ActiveCfg = Release|Any CPU
		{685D6EAB-B264-4E79-944B-AD9F6ED3FCFC}.Release|x64.Build.0 = Release|Any CPU
		{685D6EAB-B264-4E79-944B-AD9F6ED3FCFC}.Release|x86.ActiveCfg = Release|Any CPU
		{685D6EAB-B264-4E79-944B-AD9F6ED3FCFC}.Release|x86.Build.0 = Release|Any CPU
		{F27FB08D-6194-4C3D-B384-3F06E53E2E4B}.Debug|Any CPU.ActiveCfg = Debug|Any CPU
		{F27FB08D-6194-4C3D-B384-3F06E53E2E4B}.Debug|Any CPU.Build.0 = Debug|Any CPU
		{F27FB08D-6194-4C3D-B384-3F06E53E2E4B}.Debug|x64.ActiveCfg = Debug|Any CPU
		{F27FB08D-6194-4C3D-B384-3F06E53E2E4B}.Debug|x64.Build.0 = Debug|Any CPU
		{F27FB08D-6194-4C3D-B384-3F06E53E2E4B}.Debug|x86.ActiveCfg = Debug|Any CPU
		{F27FB08D-6194-4C3D-B384-3F06E53E2E4B}.Debug|x86.Build.0 = Debug|Any CPU
		{F27FB08D-6194-4C3D-B384-3F06E53E2E4B}.Release|Any CPU.ActiveCfg = Release|Any CPU
		{F27FB08D-6194-4C3D-B384-3F06E53E2E4B}.Release|Any CPU.Build.0 = Release|Any CPU
		{F27FB08D-6194-4C3D-B384-3F06E53E2E4B}.Release|x64.ActiveCfg = Release|Any CPU
		{F27FB08D-6194-4C3D-B384-3F06E53E2E4B}.Release|x64.Build.0 = Release|Any CPU
		{F27FB08D-6194-4C3D-B384-3F06E53E2E4B}.Release|x86.ActiveCfg = Release|Any CPU
		{F27FB08D-6194-4C3D-B384-3F06E53E2E4B}.Release|x86.Build.0 = Release|Any CPU
		{51B07622-345C-410B-97C3-60AF490564A7}.Debug|Any CPU.ActiveCfg = Debug|Any CPU
		{51B07622-345C-410B-97C3-60AF490564A7}.Debug|Any CPU.Build.0 = Debug|Any CPU
		{51B07622-345C-410B-97C3-60AF490564A7}.Debug|x64.ActiveCfg = Debug|Any CPU
		{51B07622-345C-410B-97C3-60AF490564A7}.Debug|x64.Build.0 = Debug|Any CPU
		{51B07622-345C-410B-97C3-60AF490564A7}.Debug|x86.ActiveCfg = Debug|Any CPU
		{51B07622-345C-410B-97C3-60AF490564A7}.Debug|x86.Build.0 = Debug|Any CPU
		{51B07622-345C-410B-97C3-60AF490564A7}.Release|Any CPU.ActiveCfg = Release|Any CPU
		{51B07622-345C-410B-97C3-60AF490564A7}.Release|Any CPU.Build.0 = Release|Any CPU
		{51B07622-345C-410B-97C3-60AF490564A7}.Release|x64.ActiveCfg = Release|Any CPU
		{51B07622-345C-410B-97C3-60AF490564A7}.Release|x64.Build.0 = Release|Any CPU
		{51B07622-345C-410B-97C3-60AF490564A7}.Release|x86.ActiveCfg = Release|Any CPU
		{51B07622-345C-410B-97C3-60AF490564A7}.Release|x86.Build.0 = Release|Any CPU
		{193987E2-271B-4CC6-95CC-A01DE6D00E3B}.Debug|Any CPU.ActiveCfg = Debug|Any CPU
		{193987E2-271B-4CC6-95CC-A01DE6D00E3B}.Debug|Any CPU.Build.0 = Debug|Any CPU
		{193987E2-271B-4CC6-95CC-A01DE6D00E3B}.Debug|x64.ActiveCfg = Debug|Any CPU
		{193987E2-271B-4CC6-95CC-A01DE6D00E3B}.Debug|x64.Build.0 = Debug|Any CPU
		{193987E2-271B-4CC6-95CC-A01DE6D00E3B}.Debug|x86.ActiveCfg = Debug|Any CPU
		{193987E2-271B-4CC6-95CC-A01DE6D00E3B}.Debug|x86.Build.0 = Debug|Any CPU
		{193987E2-271B-4CC6-95CC-A01DE6D00E3B}.Release|Any CPU.ActiveCfg = Release|Any CPU
		{193987E2-271B-4CC6-95CC-A01DE6D00E3B}.Release|Any CPU.Build.0 = Release|Any CPU
		{193987E2-271B-4CC6-95CC-A01DE6D00E3B}.Release|x64.ActiveCfg = Release|Any CPU
		{193987E2-271B-4CC6-95CC-A01DE6D00E3B}.Release|x64.Build.0 = Release|Any CPU
		{193987E2-271B-4CC6-95CC-A01DE6D00E3B}.Release|x86.ActiveCfg = Release|Any CPU
		{193987E2-271B-4CC6-95CC-A01DE6D00E3B}.Release|x86.Build.0 = Release|Any CPU
		{A930D5AC-7769-47D1-8959-1F6EB7DE7F29}.Debug|Any CPU.ActiveCfg = Debug|Any CPU
		{A930D5AC-7769-47D1-8959-1F6EB7DE7F29}.Debug|Any CPU.Build.0 = Debug|Any CPU
		{A930D5AC-7769-47D1-8959-1F6EB7DE7F29}.Debug|x64.ActiveCfg = Debug|Any CPU
		{A930D5AC-7769-47D1-8959-1F6EB7DE7F29}.Debug|x64.Build.0 = Debug|Any CPU
		{A930D5AC-7769-47D1-8959-1F6EB7DE7F29}.Debug|x86.ActiveCfg = Debug|Any CPU
		{A930D5AC-7769-47D1-8959-1F6EB7DE7F29}.Debug|x86.Build.0 = Debug|Any CPU
		{A930D5AC-7769-47D1-8959-1F6EB7DE7F29}.Release|Any CPU.ActiveCfg = Release|Any CPU
		{A930D5AC-7769-47D1-8959-1F6EB7DE7F29}.Release|Any CPU.Build.0 = Release|Any CPU
		{A930D5AC-7769-47D1-8959-1F6EB7DE7F29}.Release|x64.ActiveCfg = Release|Any CPU
		{A930D5AC-7769-47D1-8959-1F6EB7DE7F29}.Release|x64.Build.0 = Release|Any CPU
		{A930D5AC-7769-47D1-8959-1F6EB7DE7F29}.Release|x86.ActiveCfg = Release|Any CPU
		{A930D5AC-7769-47D1-8959-1F6EB7DE7F29}.Release|x86.Build.0 = Release|Any CPU
		{E213B8BF-F525-4CB9-929C-BCCE866C160A}.Debug|Any CPU.ActiveCfg = Debug|Any CPU
		{E213B8BF-F525-4CB9-929C-BCCE866C160A}.Debug|Any CPU.Build.0 = Debug|Any CPU
		{E213B8BF-F525-4CB9-929C-BCCE866C160A}.Debug|x64.ActiveCfg = Debug|Any CPU
		{E213B8BF-F525-4CB9-929C-BCCE866C160A}.Debug|x64.Build.0 = Debug|Any CPU
		{E213B8BF-F525-4CB9-929C-BCCE866C160A}.Debug|x86.ActiveCfg = Debug|Any CPU
		{E213B8BF-F525-4CB9-929C-BCCE866C160A}.Debug|x86.Build.0 = Debug|Any CPU
		{E213B8BF-F525-4CB9-929C-BCCE866C160A}.Release|Any CPU.ActiveCfg = Release|Any CPU
		{E213B8BF-F525-4CB9-929C-BCCE866C160A}.Release|Any CPU.Build.0 = Release|Any CPU
		{E213B8BF-F525-4CB9-929C-BCCE866C160A}.Release|x64.ActiveCfg = Release|Any CPU
		{E213B8BF-F525-4CB9-929C-BCCE866C160A}.Release|x64.Build.0 = Release|Any CPU
		{E213B8BF-F525-4CB9-929C-BCCE866C160A}.Release|x86.ActiveCfg = Release|Any CPU
		{E213B8BF-F525-4CB9-929C-BCCE866C160A}.Release|x86.Build.0 = Release|Any CPU
		{00A76535-6FD8-40A0-858C-046A002A0C72}.Debug|Any CPU.ActiveCfg = Debug|Any CPU
		{00A76535-6FD8-40A0-858C-046A002A0C72}.Debug|Any CPU.Build.0 = Debug|Any CPU
		{00A76535-6FD8-40A0-858C-046A002A0C72}.Debug|x64.ActiveCfg = Debug|Any CPU
		{00A76535-6FD8-40A0-858C-046A002A0C72}.Debug|x64.Build.0 = Debug|Any CPU
		{00A76535-6FD8-40A0-858C-046A002A0C72}.Debug|x86.ActiveCfg = Debug|Any CPU
		{00A76535-6FD8-40A0-858C-046A002A0C72}.Debug|x86.Build.0 = Debug|Any CPU
		{00A76535-6FD8-40A0-858C-046A002A0C72}.Release|Any CPU.ActiveCfg = Release|Any CPU
		{00A76535-6FD8-40A0-858C-046A002A0C72}.Release|Any CPU.Build.0 = Release|Any CPU
		{00A76535-6FD8-40A0-858C-046A002A0C72}.Release|x64.ActiveCfg = Release|Any CPU
		{00A76535-6FD8-40A0-858C-046A002A0C72}.Release|x64.Build.0 = Release|Any CPU
		{00A76535-6FD8-40A0-858C-046A002A0C72}.Release|x86.ActiveCfg = Release|Any CPU
		{00A76535-6FD8-40A0-858C-046A002A0C72}.Release|x86.Build.0 = Release|Any CPU
		{85073DC8-C50C-4257-836C-D80284A273C1}.Debug|Any CPU.ActiveCfg = Debug|Any CPU
		{85073DC8-C50C-4257-836C-D80284A273C1}.Debug|Any CPU.Build.0 = Debug|Any CPU
		{85073DC8-C50C-4257-836C-D80284A273C1}.Debug|x64.ActiveCfg = Debug|Any CPU
		{85073DC8-C50C-4257-836C-D80284A273C1}.Debug|x64.Build.0 = Debug|Any CPU
		{85073DC8-C50C-4257-836C-D80284A273C1}.Debug|x86.ActiveCfg = Debug|Any CPU
		{85073DC8-C50C-4257-836C-D80284A273C1}.Debug|x86.Build.0 = Debug|Any CPU
		{85073DC8-C50C-4257-836C-D80284A273C1}.Release|Any CPU.ActiveCfg = Release|Any CPU
		{85073DC8-C50C-4257-836C-D80284A273C1}.Release|Any CPU.Build.0 = Release|Any CPU
		{85073DC8-C50C-4257-836C-D80284A273C1}.Release|x64.ActiveCfg = Release|Any CPU
		{85073DC8-C50C-4257-836C-D80284A273C1}.Release|x64.Build.0 = Release|Any CPU
		{85073DC8-C50C-4257-836C-D80284A273C1}.Release|x86.ActiveCfg = Release|Any CPU
		{85073DC8-C50C-4257-836C-D80284A273C1}.Release|x86.Build.0 = Release|Any CPU
		{7CE0DADD-ED75-49F8-A4EA-C154CA6962E6}.Debug|Any CPU.ActiveCfg = Debug|Any CPU
		{7CE0DADD-ED75-49F8-A4EA-C154CA6962E6}.Debug|Any CPU.Build.0 = Debug|Any CPU
		{7CE0DADD-ED75-49F8-A4EA-C154CA6962E6}.Debug|x64.ActiveCfg = Debug|Any CPU
		{7CE0DADD-ED75-49F8-A4EA-C154CA6962E6}.Debug|x64.Build.0 = Debug|Any CPU
		{7CE0DADD-ED75-49F8-A4EA-C154CA6962E6}.Debug|x86.ActiveCfg = Debug|Any CPU
		{7CE0DADD-ED75-49F8-A4EA-C154CA6962E6}.Debug|x86.Build.0 = Debug|Any CPU
		{7CE0DADD-ED75-49F8-A4EA-C154CA6962E6}.Release|Any CPU.ActiveCfg = Release|Any CPU
		{7CE0DADD-ED75-49F8-A4EA-C154CA6962E6}.Release|Any CPU.Build.0 = Release|Any CPU
		{7CE0DADD-ED75-49F8-A4EA-C154CA6962E6}.Release|x64.ActiveCfg = Release|Any CPU
		{7CE0DADD-ED75-49F8-A4EA-C154CA6962E6}.Release|x64.Build.0 = Release|Any CPU
		{7CE0DADD-ED75-49F8-A4EA-C154CA6962E6}.Release|x86.ActiveCfg = Release|Any CPU
		{7CE0DADD-ED75-49F8-A4EA-C154CA6962E6}.Release|x86.Build.0 = Release|Any CPU
		{42F4F3F5-9142-4492-9090-054AACF995AF}.Debug|Any CPU.ActiveCfg = Debug|Any CPU
		{42F4F3F5-9142-4492-9090-054AACF995AF}.Debug|Any CPU.Build.0 = Debug|Any CPU
		{42F4F3F5-9142-4492-9090-054AACF995AF}.Debug|x64.ActiveCfg = Debug|Any CPU
		{42F4F3F5-9142-4492-9090-054AACF995AF}.Debug|x64.Build.0 = Debug|Any CPU
		{42F4F3F5-9142-4492-9090-054AACF995AF}.Debug|x86.ActiveCfg = Debug|Any CPU
		{42F4F3F5-9142-4492-9090-054AACF995AF}.Debug|x86.Build.0 = Debug|Any CPU
		{42F4F3F5-9142-4492-9090-054AACF995AF}.Release|Any CPU.ActiveCfg = Release|Any CPU
		{42F4F3F5-9142-4492-9090-054AACF995AF}.Release|Any CPU.Build.0 = Release|Any CPU
		{42F4F3F5-9142-4492-9090-054AACF995AF}.Release|x64.ActiveCfg = Release|Any CPU
		{42F4F3F5-9142-4492-9090-054AACF995AF}.Release|x64.Build.0 = Release|Any CPU
		{42F4F3F5-9142-4492-9090-054AACF995AF}.Release|x86.ActiveCfg = Release|Any CPU
		{42F4F3F5-9142-4492-9090-054AACF995AF}.Release|x86.Build.0 = Release|Any CPU
		{19086814-5687-40EC-9C12-CDE9C12521E1}.Debug|Any CPU.ActiveCfg = Debug|Any CPU
		{19086814-5687-40EC-9C12-CDE9C12521E1}.Debug|Any CPU.Build.0 = Debug|Any CPU
		{19086814-5687-40EC-9C12-CDE9C12521E1}.Debug|x64.ActiveCfg = Debug|Any CPU
		{19086814-5687-40EC-9C12-CDE9C12521E1}.Debug|x64.Build.0 = Debug|Any CPU
		{19086814-5687-40EC-9C12-CDE9C12521E1}.Debug|x86.ActiveCfg = Debug|Any CPU
		{19086814-5687-40EC-9C12-CDE9C12521E1}.Debug|x86.Build.0 = Debug|Any CPU
		{19086814-5687-40EC-9C12-CDE9C12521E1}.Release|Any CPU.ActiveCfg = Release|Any CPU
		{19086814-5687-40EC-9C12-CDE9C12521E1}.Release|Any CPU.Build.0 = Release|Any CPU
		{19086814-5687-40EC-9C12-CDE9C12521E1}.Release|x64.ActiveCfg = Release|Any CPU
		{19086814-5687-40EC-9C12-CDE9C12521E1}.Release|x64.Build.0 = Release|Any CPU
		{19086814-5687-40EC-9C12-CDE9C12521E1}.Release|x86.ActiveCfg = Release|Any CPU
		{19086814-5687-40EC-9C12-CDE9C12521E1}.Release|x86.Build.0 = Release|Any CPU
		{87710440-D40C-4140-83C2-B26AA7AA1167}.Debug|Any CPU.ActiveCfg = Debug|Any CPU
		{87710440-D40C-4140-83C2-B26AA7AA1167}.Debug|Any CPU.Build.0 = Debug|Any CPU
		{87710440-D40C-4140-83C2-B26AA7AA1167}.Debug|x64.ActiveCfg = Debug|Any CPU
		{87710440-D40C-4140-83C2-B26AA7AA1167}.Debug|x64.Build.0 = Debug|Any CPU
		{87710440-D40C-4140-83C2-B26AA7AA1167}.Debug|x86.ActiveCfg = Debug|Any CPU
		{87710440-D40C-4140-83C2-B26AA7AA1167}.Debug|x86.Build.0 = Debug|Any CPU
		{87710440-D40C-4140-83C2-B26AA7AA1167}.Release|Any CPU.ActiveCfg = Release|Any CPU
		{87710440-D40C-4140-83C2-B26AA7AA1167}.Release|Any CPU.Build.0 = Release|Any CPU
		{87710440-D40C-4140-83C2-B26AA7AA1167}.Release|x64.ActiveCfg = Release|Any CPU
		{87710440-D40C-4140-83C2-B26AA7AA1167}.Release|x64.Build.0 = Release|Any CPU
		{87710440-D40C-4140-83C2-B26AA7AA1167}.Release|x86.ActiveCfg = Release|Any CPU
		{87710440-D40C-4140-83C2-B26AA7AA1167}.Release|x86.Build.0 = Release|Any CPU
		{4FF4E482-F976-BDD3-4DE2-FF9497A7ED82}.Debug|Any CPU.ActiveCfg = Debug|Any CPU
		{4FF4E482-F976-BDD3-4DE2-FF9497A7ED82}.Debug|Any CPU.Build.0 = Debug|Any CPU
		{4FF4E482-F976-BDD3-4DE2-FF9497A7ED82}.Debug|x64.ActiveCfg = Debug|Any CPU
		{4FF4E482-F976-BDD3-4DE2-FF9497A7ED82}.Debug|x64.Build.0 = Debug|Any CPU
		{4FF4E482-F976-BDD3-4DE2-FF9497A7ED82}.Debug|x86.ActiveCfg = Debug|Any CPU
		{4FF4E482-F976-BDD3-4DE2-FF9497A7ED82}.Debug|x86.Build.0 = Debug|Any CPU
		{4FF4E482-F976-BDD3-4DE2-FF9497A7ED82}.Release|Any CPU.ActiveCfg = Release|Any CPU
		{4FF4E482-F976-BDD3-4DE2-FF9497A7ED82}.Release|Any CPU.Build.0 = Release|Any CPU
		{4FF4E482-F976-BDD3-4DE2-FF9497A7ED82}.Release|x64.ActiveCfg = Release|Any CPU
		{4FF4E482-F976-BDD3-4DE2-FF9497A7ED82}.Release|x64.Build.0 = Release|Any CPU
		{4FF4E482-F976-BDD3-4DE2-FF9497A7ED82}.Release|x86.ActiveCfg = Release|Any CPU
		{4FF4E482-F976-BDD3-4DE2-FF9497A7ED82}.Release|x86.Build.0 = Release|Any CPU
		{AA131A2C-55A1-4AE0-A493-88502E800C1A}.Debug|Any CPU.ActiveCfg = Debug|Any CPU
		{AA131A2C-55A1-4AE0-A493-88502E800C1A}.Debug|Any CPU.Build.0 = Debug|Any CPU
		{AA131A2C-55A1-4AE0-A493-88502E800C1A}.Debug|x64.ActiveCfg = Debug|Any CPU
		{AA131A2C-55A1-4AE0-A493-88502E800C1A}.Debug|x64.Build.0 = Debug|Any CPU
		{AA131A2C-55A1-4AE0-A493-88502E800C1A}.Debug|x86.ActiveCfg = Debug|Any CPU
		{AA131A2C-55A1-4AE0-A493-88502E800C1A}.Debug|x86.Build.0 = Debug|Any CPU
		{AA131A2C-55A1-4AE0-A493-88502E800C1A}.Release|Any CPU.ActiveCfg = Release|Any CPU
		{AA131A2C-55A1-4AE0-A493-88502E800C1A}.Release|Any CPU.Build.0 = Release|Any CPU
		{AA131A2C-55A1-4AE0-A493-88502E800C1A}.Release|x64.ActiveCfg = Release|Any CPU
		{AA131A2C-55A1-4AE0-A493-88502E800C1A}.Release|x64.Build.0 = Release|Any CPU
		{AA131A2C-55A1-4AE0-A493-88502E800C1A}.Release|x86.ActiveCfg = Release|Any CPU
		{AA131A2C-55A1-4AE0-A493-88502E800C1A}.Release|x86.Build.0 = Release|Any CPU
		{76A550A6-7889-4E96-8F0A-B1B9443E53F2}.Debug|Any CPU.ActiveCfg = Debug|Any CPU
		{76A550A6-7889-4E96-8F0A-B1B9443E53F2}.Debug|Any CPU.Build.0 = Debug|Any CPU
		{76A550A6-7889-4E96-8F0A-B1B9443E53F2}.Debug|x64.ActiveCfg = Debug|Any CPU
		{76A550A6-7889-4E96-8F0A-B1B9443E53F2}.Debug|x64.Build.0 = Debug|Any CPU
		{76A550A6-7889-4E96-8F0A-B1B9443E53F2}.Debug|x86.ActiveCfg = Debug|Any CPU
		{76A550A6-7889-4E96-8F0A-B1B9443E53F2}.Debug|x86.Build.0 = Debug|Any CPU
		{76A550A6-7889-4E96-8F0A-B1B9443E53F2}.Release|Any CPU.ActiveCfg = Release|Any CPU
		{76A550A6-7889-4E96-8F0A-B1B9443E53F2}.Release|Any CPU.Build.0 = Release|Any CPU
		{76A550A6-7889-4E96-8F0A-B1B9443E53F2}.Release|x64.ActiveCfg = Release|Any CPU
		{76A550A6-7889-4E96-8F0A-B1B9443E53F2}.Release|x64.Build.0 = Release|Any CPU
		{76A550A6-7889-4E96-8F0A-B1B9443E53F2}.Release|x86.ActiveCfg = Release|Any CPU
		{76A550A6-7889-4E96-8F0A-B1B9443E53F2}.Release|x86.Build.0 = Release|Any CPU
	EndGlobalSection
	GlobalSection(SolutionProperties) = preSolution
		HideSolutionNode = FALSE
	EndGlobalSection
	GlobalSection(ExtensibilityGlobals) = postSolution
		SolutionGuid = {66355097-99AB-4953-9D76-9027C94460A5}
	EndGlobalSection
EndGlobal
